
Microsoft Visual Studio Solution File, Format Version 12.00
# Visual Studio Version 16
VisualStudioVersion = 16.0.31515.178
MinimumVisualStudioVersion = 10.0.40219.1
Project("{FAE04EC0-301F-11D3-BF4B-00C04F79EFBC}") = "C4.Orms.Encryption", "C4.Orms.Encryption\C4.Orms.Encryption.csproj", "{6548F0EB-E1E4-4314-9425-D22968B2720B}"
EndProject
Project("{FAE04EC0-301F-11D3-BF4B-00C04F79EFBC}") = "C4.Orms.Encryption.Test", "C4.Orms.Encryption.Test\C4.Orms.Encryption.Test.csproj", "{9A67106A-9625-4F11-BF0C-97D3659AAC2D}"
EndProject
Global
	GlobalSection(SolutionConfigurationPlatforms) = preSolution
		Debug|Any CPU = Debug|Any CPU
		Release|Any CPU = Release|Any CPU
	EndGlobalSection
	GlobalSection(ProjectConfigurationPlatforms) = postSolution
		{6548F0EB-E1E4-4314-9425-D22968B2720B}.Debug|Any CPU.ActiveCfg = Debug|Any CPU
		{6548F0EB-E1E4-4314-9425-D22968B2720B}.Debug|Any CPU.Build.0 = Debug|Any CPU
		{6548F0EB-E1E4-4314-9425-D22968B2720B}.Release|Any CPU.ActiveCfg = Release|Any CPU
		{6548F0EB-E1E4-4314-9425-D22968B2720B}.Release|Any CPU.Build.0 = Release|Any CPU
		{9A67106A-9625-4F11-BF0C-97D3659AAC2D}.Debug|Any CPU.ActiveCfg = Debug|Any CPU
		{9A67106A-9625-4F11-BF0C-97D3659AAC2D}.Debug|Any CPU.Build.0 = Debug|Any CPU
		{9A67106A-9625-4F11-BF0C-97D3659AAC2D}.Release|Any CPU.ActiveCfg = Release|Any CPU
		{9A67106A-9625-4F11-BF0C-97D3659AAC2D}.Release|Any CPU.Build.0 = Release|Any CPU
	EndGlobalSection
	GlobalSection(SolutionProperties) = preSolution
		HideSolutionNode = FALSE
	EndGlobalSection
	GlobalSection(ExtensibilityGlobals) = postSolution
		SolutionGuid = {A9168952-5117-4B95-8E6F-3204A12AB83D}
	EndGlobalSection
EndGlobal
